{
  "object": {
    "pins": [
      {
        "package": "AudioKit",
        "repositoryURL": "https://github.com/AudioKit/AudioKit.git",
        "state": {
          "branch": null,
          "revision": "9d25f6c1e40975f321786d9b70502b4d74421707",
          "version": "5.2.3"
        }
      },
      {
        "package": "AudioKitUI",
        "repositoryURL": "https://github.com/AudioKit/AudioKitUI",
        "state": {
          "branch": "main",
          "revision": "da1f7de619588f9199d33e59540f66cda464e7c7",
          "version": null
        }
      }
    ]
  },
  "version": 1
}
